
Microsoft Visual Studio Solution File, Format Version 12.00
# Visual Studio Version 17
VisualStudioVersion = 17.2.32616.157
MinimumVisualStudioVersion = 10.0.40219.1
Project("{FAE04EC0-301F-11D3-BF4B-00C04F79EFBC}") = "WORK22", "WORK22\WORK22.csproj", "{543E20F6-35A5-44F3-8ACB-71BF24267309}"
EndProject
Project("{FAE04EC0-301F-11D3-BF4B-00C04F79EFBC}") = "Zadacha 2", "Zadacha 2\Zadacha 2.csproj", "{89ACEF32-98DB-4FBB-A0AC-15C2D8BD53F8}"
EndProject
Project("{FAE04EC0-301F-11D3-BF4B-00C04F79EFBC}") = "Clagna", "Clagna\Clagna.csproj", "{4340E84C-8B79-4EF7-87FE-8A9CE1D57E27}"
EndProject
Project("{FAE04EC0-301F-11D3-BF4B-00C04F79EFBC}") = "Musor", "Musor\Musor.csproj", "{23F2F540-8E89-41CE-9D13-44F082AFC438}"
EndProject
Project("{2150E333-8FDC-42A3-9474-1A3956D46DE8}") = "справочный мат", "справочный мат", "{6BAAD0CD-1974-48A4-82EC-FE862E75E640}"
EndProject
Project("{2150E333-8FDC-42A3-9474-1A3956D46DE8}") = "Задания", "Задания", "{9BE95941-F1E9-45E9-B053-1CB30E9EFD01}"
EndProject
Project("{FAE04EC0-301F-11D3-BF4B-00C04F79EFBC}") = "Zadacha3", "Zadacha3\Zadacha3.csproj", "{768B4917-1B70-4B5B-B40C-BE718DF7EF4B}"
EndProject
Project("{FAE04EC0-301F-11D3-BF4B-00C04F79EFBC}") = "ifelse", "ifelse\ifelse.csproj", "{94465FE7-7B62-4D87-9237-BEC1C1BD0098}"
EndProject
Project("{FAE04EC0-301F-11D3-BF4B-00C04F79EFBC}") = "if false", "if false\if false.csproj", "{2AFFAEFA-FD31-4EA2-885A-93794A431211}"
EndProject
Project("{FAE04EC0-301F-11D3-BF4B-00C04F79EFBC}") = "123", "123\123.csproj", "{FD95C0A6-118A-4773-A938-A7BBF5F00E1C}"
EndProject
Project("{FAE04EC0-301F-11D3-BF4B-00C04F79EFBC}") = "ZaDaChA_if_else", "ZaDaChA_if_else\ZaDaChA_if_else.csproj", "{61575BA8-5C5C-4C1E-9506-BEB58C03044C}"
EndProject
Project("{FAE04EC0-301F-11D3-BF4B-00C04F79EFBC}") = "ConsoleApp1", "ConsoleApp1\ConsoleApp1.csproj", "{C68C15A6-F97E-46FB-923F-14AB79CB80B8}"
EndProject
Project("{2150E333-8FDC-42A3-9474-1A3956D46DE8}") = "ДЗ", "ДЗ", "{6B3086FA-2DBB-414F-93DB-76A5BEABE62C}"
EndProject
Project("{FAE04EC0-301F-11D3-BF4B-00C04F79EFBC}") = "Дз номер 2", "Дз номер 2\Дз номер 2.csproj", "{716BB468-FCCE-436B-90CE-9EA4A77AD3DA}"
EndProject
Project("{FAE04EC0-301F-11D3-BF4B-00C04F79EFBC}") = "ДЗ НОМЕР 3", "ДЗ НОМЕР 3\ДЗ НОМЕР 3.csproj", "{92BEEC7C-307D-425E-9765-98425BE1976D}"
EndProject
Project("{FAE04EC0-301F-11D3-BF4B-00C04F79EFBC}") = "cubici_d20", "cubici_d20\cubici_d20.csproj", "{B82146EC-5EF2-44BC-BC02-6B75BE1C7939}"
EndProject
Project("{2150E333-8FDC-42A3-9474-1A3956D46DE8}") = "Эксперименты", "Эксперименты", "{B2E7D2EA-879F-4458-B45D-256585DD8C98}"
EndProject
Project("{FAE04EC0-301F-11D3-BF4B-00C04F79EFBC}") = "random", "random\random.csproj", "{C09646F3-58B9-4AF9-BF22-341A497F92E2}"
EndProject
Global
	GlobalSection(SolutionConfigurationPlatforms) = preSolution
		Debug|Any CPU = Debug|Any CPU
		Release|Any CPU = Release|Any CPU
	EndGlobalSection
	GlobalSection(ProjectConfigurationPlatforms) = postSolution
		{543E20F6-35A5-44F3-8ACB-71BF24267309}.Debug|Any CPU.ActiveCfg = Debug|Any CPU
		{543E20F6-35A5-44F3-8ACB-71BF24267309}.Debug|Any CPU.Build.0 = Debug|Any CPU
		{543E20F6-35A5-44F3-8ACB-71BF24267309}.Release|Any CPU.ActiveCfg = Release|Any CPU
		{543E20F6-35A5-44F3-8ACB-71BF24267309}.Release|Any CPU.Build.0 = Release|Any CPU
		{89ACEF32-98DB-4FBB-A0AC-15C2D8BD53F8}.Debug|Any CPU.ActiveCfg = Debug|Any CPU
		{89ACEF32-98DB-4FBB-A0AC-15C2D8BD53F8}.Debug|Any CPU.Build.0 = Debug|Any CPU
		{89ACEF32-98DB-4FBB-A0AC-15C2D8BD53F8}.Release|Any CPU.ActiveCfg = Release|Any CPU
		{89ACEF32-98DB-4FBB-A0AC-15C2D8BD53F8}.Release|Any CPU.Build.0 = Release|Any CPU
		{4340E84C-8B79-4EF7-87FE-8A9CE1D57E27}.Debug|Any CPU.ActiveCfg = Debug|Any CPU
		{4340E84C-8B79-4EF7-87FE-8A9CE1D57E27}.Debug|Any CPU.Build.0 = Debug|Any CPU
		{4340E84C-8B79-4EF7-87FE-8A9CE1D57E27}.Release|Any CPU.ActiveCfg = Release|Any CPU
		{4340E84C-8B79-4EF7-87FE-8A9CE1D57E27}.Release|Any CPU.Build.0 = Release|Any CPU
		{23F2F540-8E89-41CE-9D13-44F082AFC438}.Debug|Any CPU.ActiveCfg = Debug|Any CPU
		{23F2F540-8E89-41CE-9D13-44F082AFC438}.Debug|Any CPU.Build.0 = Debug|Any CPU
		{23F2F540-8E89-41CE-9D13-44F082AFC438}.Release|Any CPU.ActiveCfg = Release|Any CPU
		{23F2F540-8E89-41CE-9D13-44F082AFC438}.Release|Any CPU.Build.0 = Release|Any CPU
		{768B4917-1B70-4B5B-B40C-BE718DF7EF4B}.Debug|Any CPU.ActiveCfg = Debug|Any CPU
		{768B4917-1B70-4B5B-B40C-BE718DF7EF4B}.Debug|Any CPU.Build.0 = Debug|Any CPU
		{768B4917-1B70-4B5B-B40C-BE718DF7EF4B}.Release|Any CPU.ActiveCfg = Release|Any CPU
		{768B4917-1B70-4B5B-B40C-BE718DF7EF4B}.Release|Any CPU.Build.0 = Release|Any CPU
		{94465FE7-7B62-4D87-9237-BEC1C1BD0098}.Debug|Any CPU.ActiveCfg = Debug|Any CPU
		{94465FE7-7B62-4D87-9237-BEC1C1BD0098}.Debug|Any CPU.Build.0 = Debug|Any CPU
		{94465FE7-7B62-4D87-9237-BEC1C1BD0098}.Release|Any CPU.ActiveCfg = Release|Any CPU
		{94465FE7-7B62-4D87-9237-BEC1C1BD0098}.Release|Any CPU.Build.0 = Release|Any CPU
		{2AFFAEFA-FD31-4EA2-885A-93794A431211}.Debug|Any CPU.ActiveCfg = Debug|Any CPU
		{2AFFAEFA-FD31-4EA2-885A-93794A431211}.Debug|Any CPU.Build.0 = Debug|Any CPU
		{2AFFAEFA-FD31-4EA2-885A-93794A431211}.Release|Any CPU.ActiveCfg = Release|Any CPU
		{2AFFAEFA-FD31-4EA2-885A-93794A431211}.Release|Any CPU.Build.0 = Release|Any CPU
		{FD95C0A6-118A-4773-A938-A7BBF5F00E1C}.Debug|Any CPU.ActiveCfg = Debug|Any CPU
		{FD95C0A6-118A-4773-A938-A7BBF5F00E1C}.Debug|Any CPU.Build.0 = Debug|Any CPU
		{FD95C0A6-118A-4773-A938-A7BBF5F00E1C}.Release|Any CPU.ActiveCfg = Release|Any CPU
		{FD95C0A6-118A-4773-A938-A7BBF5F00E1C}.Release|Any CPU.Build.0 = Release|Any CPU
		{61575BA8-5C5C-4C1E-9506-BEB58C03044C}.Debug|Any CPU.ActiveCfg = Debug|Any CPU
		{61575BA8-5C5C-4C1E-9506-BEB58C03044C}.Debug|Any CPU.Build.0 = Debug|Any CPU
		{61575BA8-5C5C-4C1E-9506-BEB58C03044C}.Release|Any CPU.ActiveCfg = Release|Any CPU
		{61575BA8-5C5C-4C1E-9506-BEB58C03044C}.Release|Any CPU.Build.0 = Release|Any CPU
		{C68C15A6-F97E-46FB-923F-14AB79CB80B8}.Debug|Any CPU.ActiveCfg = Debug|Any CPU
		{C68C15A6-F97E-46FB-923F-14AB79CB80B8}.Debug|Any CPU.Build.0 = Debug|Any CPU
		{C68C15A6-F97E-46FB-923F-14AB79CB80B8}.Release|Any CPU.ActiveCfg = Release|Any CPU
		{C68C15A6-F97E-46FB-923F-14AB79CB80B8}.Release|Any CPU.Build.0 = Release|Any CPU
		{716BB468-FCCE-436B-90CE-9EA4A77AD3DA}.Debug|Any CPU.ActiveCfg = Debug|Any CPU
		{716BB468-FCCE-436B-90CE-9EA4A77AD3DA}.Debug|Any CPU.Build.0 = Debug|Any CPU
		{716BB468-FCCE-436B-90CE-9EA4A77AD3DA}.Release|Any CPU.ActiveCfg = Release|Any CPU
		{716BB468-FCCE-436B-90CE-9EA4A77AD3DA}.Release|Any CPU.Build.0 = Release|Any CPU
		{92BEEC7C-307D-425E-9765-98425BE1976D}.Debug|Any CPU.ActiveCfg = Debug|Any CPU
		{92BEEC7C-307D-425E-9765-98425BE1976D}.Debug|Any CPU.Build.0 = Debug|Any CPU
		{92BEEC7C-307D-425E-9765-98425BE1976D}.Release|Any CPU.ActiveCfg = Release|Any CPU
		{92BEEC7C-307D-425E-9765-98425BE1976D}.Release|Any CPU.Build.0 = Release|Any CPU
		{B82146EC-5EF2-44BC-BC02-6B75BE1C7939}.Debug|Any CPU.ActiveCfg = Debug|Any CPU
		{B82146EC-5EF2-44BC-BC02-6B75BE1C7939}.Debug|Any CPU.Build.0 = Debug|Any CPU
		{B82146EC-5EF2-44BC-BC02-6B75BE1C7939}.Release|Any CPU.ActiveCfg = Release|Any CPU
		{B82146EC-5EF2-44BC-BC02-6B75BE1C7939}.Release|Any CPU.Build.0 = Release|Any CPU
		{C09646F3-58B9-4AF9-BF22-341A497F92E2}.Debug|Any CPU.ActiveCfg = Debug|Any CPU
		{C09646F3-58B9-4AF9-BF22-341A497F92E2}.Debug|Any CPU.Build.0 = Debug|Any CPU
		{C09646F3-58B9-4AF9-BF22-341A497F92E2}.Release|Any CPU.ActiveCfg = Release|Any CPU
		{C09646F3-58B9-4AF9-BF22-341A497F92E2}.Release|Any CPU.Build.0 = Release|Any CPU
	EndGlobalSection
	GlobalSection(SolutionProperties) = preSolution
		HideSolutionNode = FALSE
	EndGlobalSection
	GlobalSection(NestedProjects) = preSolution
		{543E20F6-35A5-44F3-8ACB-71BF24267309} = {6BAAD0CD-1974-48A4-82EC-FE862E75E640}
		{89ACEF32-98DB-4FBB-A0AC-15C2D8BD53F8} = {6BAAD0CD-1974-48A4-82EC-FE862E75E640}
		{4340E84C-8B79-4EF7-87FE-8A9CE1D57E27} = {9BE95941-F1E9-45E9-B053-1CB30E9EFD01}
		{768B4917-1B70-4B5B-B40C-BE718DF7EF4B} = {6BAAD0CD-1974-48A4-82EC-FE862E75E640}
		{94465FE7-7B62-4D87-9237-BEC1C1BD0098} = {9BE95941-F1E9-45E9-B053-1CB30E9EFD01}
		{2AFFAEFA-FD31-4EA2-885A-93794A431211} = {6BAAD0CD-1974-48A4-82EC-FE862E75E640}
		{61575BA8-5C5C-4C1E-9506-BEB58C03044C} = {6B3086FA-2DBB-414F-93DB-76A5BEABE62C}
		{C68C15A6-F97E-46FB-923F-14AB79CB80B8} = {6B3086FA-2DBB-414F-93DB-76A5BEABE62C}
		{6B3086FA-2DBB-414F-93DB-76A5BEABE62C} = {9BE95941-F1E9-45E9-B053-1CB30E9EFD01}
		{716BB468-FCCE-436B-90CE-9EA4A77AD3DA} = {6B3086FA-2DBB-414F-93DB-76A5BEABE62C}
		{92BEEC7C-307D-425E-9765-98425BE1976D} = {6B3086FA-2DBB-414F-93DB-76A5BEABE62C}
		{B82146EC-5EF2-44BC-BC02-6B75BE1C7939} = {6B3086FA-2DBB-414F-93DB-76A5BEABE62C}
		{C09646F3-58B9-4AF9-BF22-341A497F92E2} = {B2E7D2EA-879F-4458-B45D-256585DD8C98}
	EndGlobalSection
	GlobalSection(ExtensibilityGlobals) = postSolution
		SolutionGuid = {05E29D71-D4D8-40FE-9951-43E91BF81DD0}
	EndGlobalSection
EndGlobal
